
Microsoft Visual Studio Solution File, Format Version 12.00
# Visual Studio Version 16
VisualStudioVersion = 16.0.30413.136
MinimumVisualStudioVersion = 10.0.40219.1
Project("{9A19103F-16F7-4668-BE54-9A1E7A4F7556}") = "Azlan.Ecommerce.Entities", "Azlan.Ecommerce.Entities\Azlan.Ecommerce.Entities.csproj", "{4A27616F-31DA-4953-BF0D-6BB39A7F38BD}"
EndProject
Project("{9A19103F-16F7-4668-BE54-9A1E7A4F7556}") = "Azlan.Ecommerce.DataAccess", "Azlan.Ecommerce.DataAccess\Azlan.Ecommerce.DataAccess.csproj", "{D5DCF767-0B27-42B6-B732-B986EE248DE1}"
EndProject
Project("{9A19103F-16F7-4668-BE54-9A1E7A4F7556}") = "Azlan.Ecommerce.Business", "Azlan.Ecommerce.Business\Azlan.Ecommerce.Business.csproj", "{C0023ED7-7E97-4254-9B3A-24302036C82E}"
EndProject
Project("{FAE04EC0-301F-11D3-BF4B-00C04F79EFBC}") = "Azlan.Ecommerce.Web", "Azlan.Ecommerce.Web\Azlan.Ecommerce.Web.csproj", "{BEEA4EF4-7989-4B01-8374-AE64EE26020F}"
EndProject
Global
	GlobalSection(SolutionConfigurationPlatforms) = preSolution
		Debug|Any CPU = Debug|Any CPU
		Release|Any CPU = Release|Any CPU
	EndGlobalSection
	GlobalSection(ProjectConfigurationPlatforms) = postSolution
		{4A27616F-31DA-4953-BF0D-6BB39A7F38BD}.Debug|Any CPU.ActiveCfg = Debug|Any CPU
		{4A27616F-31DA-4953-BF0D-6BB39A7F38BD}.Debug|Any CPU.Build.0 = Debug|Any CPU
		{4A27616F-31DA-4953-BF0D-6BB39A7F38BD}.Release|Any CPU.ActiveCfg = Release|Any CPU
		{4A27616F-31DA-4953-BF0D-6BB39A7F38BD}.Release|Any CPU.Build.0 = Release|Any CPU
		{D5DCF767-0B27-42B6-B732-B986EE248DE1}.Debug|Any CPU.ActiveCfg = Debug|Any CPU
		{D5DCF767-0B27-42B6-B732-B986EE248DE1}.Debug|Any CPU.Build.0 = Debug|Any CPU
		{D5DCF767-0B27-42B6-B732-B986EE248DE1}.Release|Any CPU.ActiveCfg = Release|Any CPU
		{D5DCF767-0B27-42B6-B732-B986EE248DE1}.Release|Any CPU.Build.0 = Release|Any CPU
		{C0023ED7-7E97-4254-9B3A-24302036C82E}.Debug|Any CPU.ActiveCfg = Debug|Any CPU
		{C0023ED7-7E97-4254-9B3A-24302036C82E}.Debug|Any CPU.Build.0 = Debug|Any CPU
		{C0023ED7-7E97-4254-9B3A-24302036C82E}.Release|Any CPU.ActiveCfg = Release|Any CPU
		{C0023ED7-7E97-4254-9B3A-24302036C82E}.Release|Any CPU.Build.0 = Release|Any CPU
		{BEEA4EF4-7989-4B01-8374-AE64EE26020F}.Debug|Any CPU.ActiveCfg = Debug|Any CPU
		{BEEA4EF4-7989-4B01-8374-AE64EE26020F}.Debug|Any CPU.Build.0 = Debug|Any CPU
		{BEEA4EF4-7989-4B01-8374-AE64EE26020F}.Release|Any CPU.ActiveCfg = Release|Any CPU
		{BEEA4EF4-7989-4B01-8374-AE64EE26020F}.Release|Any CPU.Build.0 = Release|Any CPU
	EndGlobalSection
	GlobalSection(SolutionProperties) = preSolution
		HideSolutionNode = FALSE
	EndGlobalSection
	GlobalSection(ExtensibilityGlobals) = postSolution
		SolutionGuid = {0D6FC180-B051-4BE2-A643-D9ED71FB619B}
	EndGlobalSection
EndGlobal
